
Microsoft Visual Studio Solution File, Format Version 12.00
# Visual Studio Version 17
VisualStudioVersion = 17.3.32922.545
MinimumVisualStudioVersion = 10.0.40219.1
Project("{FAE04EC0-301F-11D3-BF4B-00C04F79EFBC}") = "VBConsole", "VBConsole\VBConsole.csproj", "{B3B17CB4-1718-47F2-B9E5-A4C2B3C62D24}"
EndProject
Global
	GlobalSection(SolutionConfigurationPlatforms) = preSolution
		Debug|Any CPU = Debug|Any CPU
		Release|Any CPU = Release|Any CPU
	EndGlobalSection
	GlobalSection(ProjectConfigurationPlatforms) = postSolution
		{B3B17CB4-1718-47F2-B9E5-A4C2B3C62D24}.Debug|Any CPU.ActiveCfg = Debug|Any CPU
		{B3B17CB4-1718-47F2-B9E5-A4C2B3C62D24}.Debug|Any CPU.Build.0 = Debug|Any CPU
		{B3B17CB4-1718-47F2-B9E5-A4C2B3C62D24}.Release|Any CPU.ActiveCfg = Release|Any CPU
		{B3B17CB4-1718-47F2-B9E5-A4C2B3C62D24}.Release|Any CPU.Build.0 = Release|Any CPU
	EndGlobalSection
	GlobalSection(SolutionProperties) = preSolution
		HideSolutionNode = FALSE
	EndGlobalSection
	GlobalSection(ExtensibilityGlobals) = postSolution
		SolutionGuid = {0DA34B13-324F-406A-A6B2-D0EAF441ECAF}
	EndGlobalSection
EndGlobal
